
Microsoft Visual Studio Solution File, Format Version 12.00
# Visual Studio Version 17
VisualStudioVersion = 17.8.34330.188
MinimumVisualStudioVersion = 10.0.40219.1
Project("{FAE04EC0-301F-11D3-BF4B-00C04F79EFBC}") = "Lab_6_patterns", "Lab_6_patterns\Lab_6_patterns.csproj", "{C596B57D-0AE1-44FB-A9E5-1E78ED2F455E}"
EndProject
Global
	GlobalSection(SolutionConfigurationPlatforms) = preSolution
		Debug|Any CPU = Debug|Any CPU
		Release|Any CPU = Release|Any CPU
	EndGlobalSection
	GlobalSection(ProjectConfigurationPlatforms) = postSolution
		{C596B57D-0AE1-44FB-A9E5-1E78ED2F455E}.Debug|Any CPU.ActiveCfg = Debug|Any CPU
		{C596B57D-0AE1-44FB-A9E5-1E78ED2F455E}.Debug|Any CPU.Build.0 = Debug|Any CPU
		{C596B57D-0AE1-44FB-A9E5-1E78ED2F455E}.Release|Any CPU.ActiveCfg = Release|Any CPU
		{C596B57D-0AE1-44FB-A9E5-1E78ED2F455E}.Release|Any CPU.Build.0 = Release|Any CPU
	EndGlobalSection
	GlobalSection(SolutionProperties) = preSolution
		HideSolutionNode = FALSE
	EndGlobalSection
	GlobalSection(ExtensibilityGlobals) = postSolution
		SolutionGuid = {355A90EA-DD47-40A9-9AF6-DCBA0BCFE888}
	EndGlobalSection
EndGlobal
